
Microsoft Visual Studio Solution File, Format Version 12.00
# Visual Studio Version 17
VisualStudioVersion = 17.12.35527.113 d17.12
MinimumVisualStudioVersion = 10.0.40219.1
Project("{FAE04EC0-301F-11D3-BF4B-00C04F79EFBC}") = "Main", "Main.csproj", "{4AF8DB5A-D3AC-4254-BE41-631F28517713}"
EndProject
Project("{FAE04EC0-301F-11D3-BF4B-00C04F79EFBC}") = "Shared", "..\Shared\Shared.csproj", "{F76C2B90-3B53-492A-AE05-4F787B299295}"
EndProject
Project("{FAE04EC0-301F-11D3-BF4B-00C04F79EFBC}") = "Core", "..\Core\Core.csproj", "{7B226512-6778-4A02-88EE-072A3BAC63BD}"
EndProject
Project("{FAE04EC0-301F-11D3-BF4B-00C04F79EFBC}") = "Infrastructure", "..\Infrastructure\Infrastructure.csproj", "{A8916416-63A5-421C-A769-ABA058F63A3E}"
EndProject
Global
	GlobalSection(SolutionConfigurationPlatforms) = preSolution
		Debug|Any CPU = Debug|Any CPU
		Release|Any CPU = Release|Any CPU
	EndGlobalSection
	GlobalSection(ProjectConfigurationPlatforms) = postSolution
		{4AF8DB5A-D3AC-4254-BE41-631F28517713}.Debug|Any CPU.ActiveCfg = Debug|Any CPU
		{4AF8DB5A-D3AC-4254-BE41-631F28517713}.Debug|Any CPU.Build.0 = Debug|Any CPU
		{4AF8DB5A-D3AC-4254-BE41-631F28517713}.Release|Any CPU.ActiveCfg = Release|Any CPU
		{4AF8DB5A-D3AC-4254-BE41-631F28517713}.Release|Any CPU.Build.0 = Release|Any CPU
		{F76C2B90-3B53-492A-AE05-4F787B299295}.Debug|Any CPU.ActiveCfg = Debug|Any CPU
		{F76C2B90-3B53-492A-AE05-4F787B299295}.Debug|Any CPU.Build.0 = Debug|Any CPU
		{F76C2B90-3B53-492A-AE05-4F787B299295}.Release|Any CPU.ActiveCfg = Release|Any CPU
		{F76C2B90-3B53-492A-AE05-4F787B299295}.Release|Any CPU.Build.0 = Release|Any CPU
		{7B226512-6778-4A02-88EE-072A3BAC63BD}.Debug|Any CPU.ActiveCfg = Debug|Any CPU
		{7B226512-6778-4A02-88EE-072A3BAC63BD}.Debug|Any CPU.Build.0 = Debug|Any CPU
		{7B226512-6778-4A02-88EE-072A3BAC63BD}.Release|Any CPU.ActiveCfg = Release|Any CPU
		{7B226512-6778-4A02-88EE-072A3BAC63BD}.Release|Any CPU.Build.0 = Release|Any CPU
		{A8916416-63A5-421C-A769-ABA058F63A3E}.Debug|Any CPU.ActiveCfg = Debug|Any CPU
		{A8916416-63A5-421C-A769-ABA058F63A3E}.Debug|Any CPU.Build.0 = Debug|Any CPU
		{A8916416-63A5-421C-A769-ABA058F63A3E}.Release|Any CPU.ActiveCfg = Release|Any CPU
		{A8916416-63A5-421C-A769-ABA058F63A3E}.Release|Any CPU.Build.0 = Release|Any CPU
	EndGlobalSection
	GlobalSection(SolutionProperties) = preSolution
		HideSolutionNode = FALSE
	EndGlobalSection
EndGlobal
